{
  "name": "Portfolio",
  "lockfileVersion": 3,
  "requires": true,
  "packages": {
    "": {
      "dependencies": {
        "@coreui/icons": "^3.0.0"
      }
    },
    "node_modules/@coreui/icons": {
      "version": "3.0.0",
      "resolved": "https://registry.npmjs.org/@coreui/icons/-/icons-3.0.0.tgz",
      "integrity": "sha512-t4hJilv5IFBvaHIIQeUoXctV5nJkW21PTIhgeGO80xS25Ii4kkXa2gzryj6v6OEPSDPnY2YWhYm39TBjbXt1Xw=="
    }
  }
}
